
Microsoft Visual Studio Solution File, Format Version 12.00
# Visual Studio 2012
Project("{FAE04EC0-301F-11D3-BF4B-00C04F79EFBC}") = "1PrintToN", "1ExersizeVariabsle\1PrintToN.csproj", "{837411C9-F40F-4AA3-8817-BDB1FC397207}"
EndProject
Project("{FAE04EC0-301F-11D3-BF4B-00C04F79EFBC}") = "3FindMinAndMax", "2ExersizeVariables\3FindMinAndMax.csproj", "{615CA328-4824-4C50-9EC0-C1B500A49154}"
EndProject
Project("{FAE04EC0-301F-11D3-BF4B-00C04F79EFBC}") = "4MathFactoriel", "4ExersizeVariables\4MathFactoriel.csproj", "{80F6A0E9-4D03-4FB8-B7E5-97FF7BEFC159}"
EndProject
Project("{FAE04EC0-301F-11D3-BF4B-00C04F79EFBC}") = "2PrintToNAllDivisibleOn3and7", "2ExersizeVariable\2PrintToNAllDivisibleOn3and7.csproj", "{72C655BC-74ED-48DA-BD55-D1AC1AA86064}"
EndProject
Project("{FAE04EC0-301F-11D3-BF4B-00C04F79EFBC}") = "5MathFactorielSecond", "5ExersizeVariable\5MathFactorielSecond.csproj", "{807458DC-FF3F-4BD2-8498-3DF87A340442}"
EndProject
Project("{FAE04EC0-301F-11D3-BF4B-00C04F79EFBC}") = "6Sum", "6ExersizeVariable\6Sum.csproj", "{47304E36-7E0E-4AD5-825E-D23427F08853}"
EndProject
Project("{FAE04EC0-301F-11D3-BF4B-00C04F79EFBC}") = "7SumOfFib", "7ExersizeVariable\7SumOfFib.csproj", "{CFF32E08-AD71-4C97-B2C4-528F8A07D5C4}"
EndProject
Project("{FAE04EC0-301F-11D3-BF4B-00C04F79EFBC}") = "8GCD", "8ExersizeVariable\8GCD.csproj", "{247EB30B-DD61-4D8C-AF98-FEFF9B03E02D}"
EndProject
Project("{FAE04EC0-301F-11D3-BF4B-00C04F79EFBC}") = "CatalanNumbs10", "9ExersizeVariable\CatalanNumbs10.csproj", "{1A907793-725D-4C6A-B746-AB76FF04A005}"
EndProject
Project("{FAE04EC0-301F-11D3-BF4B-00C04F79EFBC}") = "StandartDeck11", "10ExersizeVariable\StandartDeck11.csproj", "{4C9C1A62-2339-4011-9421-A54735847209}"
EndProject
Project("{FAE04EC0-301F-11D3-BF4B-00C04F79EFBC}") = "Matrix12", "ExersizeVariable11\Matrix12.csproj", "{F9339E92-0C54-4755-9030-62ED5483DD12}"
EndProject
Project("{FAE04EC0-301F-11D3-BF4B-00C04F79EFBC}") = "ZerosInFact13", "ZerosInFact1\ZerosInFact13.csproj", "{283BE26C-1057-4866-91F5-B9652C89754E}"
EndProject
Project("{FAE04EC0-301F-11D3-BF4B-00C04F79EFBC}") = "SpiralMatrix14", "SpiralMatrix14\SpiralMatrix14.csproj", "{5C047F79-D022-4D02-BE2B-8A7BF8804144}"
EndProject
Project("{FAE04EC0-301F-11D3-BF4B-00C04F79EFBC}") = "ZZChristmasTree", "ZZChristmasTree\ZZChristmasTree.csproj", "{B179158C-BC83-447F-952E-1E0F9B789C96}"
EndProject
Project("{FAE04EC0-301F-11D3-BF4B-00C04F79EFBC}") = "ZZCarpet", "ZZCarpet\ZZCarpet.csproj", "{8F12406B-8FDE-41C4-A91A-A6CCF1A68FE0}"
EndProject
Project("{FAE04EC0-301F-11D3-BF4B-00C04F79EFBC}") = "QCoordinateSystem", "QCoordinateSystem\QCoordinateSystem.csproj", "{D7D238B7-D982-4EC0-9770-FD7435A74DA5}"
EndProject
Project("{FAE04EC0-301F-11D3-BF4B-00C04F79EFBC}") = "MissCat2013", "MissCat2013\MissCat2013.csproj", "{8BA49750-ACF8-4894-9E7F-D0B2F660C7BC}"
EndProject
Project("{FAE04EC0-301F-11D3-BF4B-00C04F79EFBC}") = "QQWayByForest", "QQWayByForest\QQWayByForest.csproj", "{6111213F-183A-481F-A5EA-16CDF5BE6715}"
EndProject
Project("{FAE04EC0-301F-11D3-BF4B-00C04F79EFBC}") = "CountingBitsInEachInteger", "CountingBitsInEachInteger\CountingBitsInEachInteger.csproj", "{AA6754C9-3BB9-458C-84AA-2E6D9D7BBC36}"
EndProject
Project("{FAE04EC0-301F-11D3-BF4B-00C04F79EFBC}") = "HowManySubSums", "HowManySubSums\HowManySubSums.csproj", "{24D99EF0-0C3E-4519-BED7-D7D13556255C}"
EndProject
Project("{FAE04EC0-301F-11D3-BF4B-00C04F79EFBC}") = "CoffeeMachineCoints", "CoffeeMachineCoints\CoffeeMachineCoints.csproj", "{A1D42520-F3B1-4017-9C85-EB098807683B}"
EndProject
Project("{FAE04EC0-301F-11D3-BF4B-00C04F79EFBC}") = "DrunkedNumbers", "DrunkedNumbers\DrunkedNumbers.csproj", "{076A12BD-3993-4597-B537-8964019A76FB}"
EndProject
Project("{FAE04EC0-301F-11D3-BF4B-00C04F79EFBC}") = "FIRE", "FIRE\FIRE.csproj", "{CE3B431B-0139-47E2-B76B-3952E66C968F}"
EndProject
Project("{FAE04EC0-301F-11D3-BF4B-00C04F79EFBC}") = "Neurons", "Neurons\Neurons.csproj", "{B252230F-2C79-4489-AF5E-738FB2BD68D6}"
EndProject
Project("{FAE04EC0-301F-11D3-BF4B-00C04F79EFBC}") = "Bulls and Cows", "Bulls and Cows\Bulls and Cows.csproj", "{872FA6BD-0E23-470D-8750-A99E0490E247}"
EndProject
Global
	GlobalSection(SolutionConfigurationPlatforms) = preSolution
		Debug|Any CPU = Debug|Any CPU
		Debug|Mixed Platforms = Debug|Mixed Platforms
		Debug|Win32 = Debug|Win32
		Debug|x86 = Debug|x86
		Release|Any CPU = Release|Any CPU
		Release|Mixed Platforms = Release|Mixed Platforms
		Release|Win32 = Release|Win32
		Release|x86 = Release|x86
	EndGlobalSection
	GlobalSection(ProjectConfigurationPlatforms) = postSolution
		{837411C9-F40F-4AA3-8817-BDB1FC397207}.Debug|Any CPU.ActiveCfg = Debug|x86
		{837411C9-F40F-4AA3-8817-BDB1FC397207}.Debug|Mixed Platforms.ActiveCfg = Debug|x86
		{837411C9-F40F-4AA3-8817-BDB1FC397207}.Debug|Mixed Platforms.Build.0 = Debug|x86
		{837411C9-F40F-4AA3-8817-BDB1FC397207}.Debug|Win32.ActiveCfg = Debug|x86
		{837411C9-F40F-4AA3-8817-BDB1FC397207}.Debug|Win32.Build.0 = Debug|x86
		{837411C9-F40F-4AA3-8817-BDB1FC397207}.Debug|x86.ActiveCfg = Debug|x86
		{837411C9-F40F-4AA3-8817-BDB1FC397207}.Debug|x86.Build.0 = Debug|x86
		{837411C9-F40F-4AA3-8817-BDB1FC397207}.Release|Any CPU.ActiveCfg = Release|x86
		{837411C9-F40F-4AA3-8817-BDB1FC397207}.Release|Mixed Platforms.ActiveCfg = Release|x86
		{837411C9-F40F-4AA3-8817-BDB1FC397207}.Release|Mixed Platforms.Build.0 = Release|x86
		{837411C9-F40F-4AA3-8817-BDB1FC397207}.Release|Win32.ActiveCfg = Release|x86
		{837411C9-F40F-4AA3-8817-BDB1FC397207}.Release|Win32.Build.0 = Release|x86
		{837411C9-F40F-4AA3-8817-BDB1FC397207}.Release|x86.ActiveCfg = Release|x86
		{837411C9-F40F-4AA3-8817-BDB1FC397207}.Release|x86.Build.0 = Release|x86
		{615CA328-4824-4C50-9EC0-C1B500A49154}.Debug|Any CPU.ActiveCfg = Debug|x86
		{615CA328-4824-4C50-9EC0-C1B500A49154}.Debug|Mixed Platforms.ActiveCfg = Debug|x86
		{615CA328-4824-4C50-9EC0-C1B500A49154}.Debug|Mixed Platforms.Build.0 = Debug|x86
		{615CA328-4824-4C50-9EC0-C1B500A49154}.Debug|Win32.ActiveCfg = Debug|x86
		{615CA328-4824-4C50-9EC0-C1B500A49154}.Debug|Win32.Build.0 = Debug|x86
		{615CA328-4824-4C50-9EC0-C1B500A49154}.Debug|x86.ActiveCfg = Debug|x86
		{615CA328-4824-4C50-9EC0-C1B500A49154}.Debug|x86.Build.0 = Debug|x86
		{615CA328-4824-4C50-9EC0-C1B500A49154}.Release|Any CPU.ActiveCfg = Release|x86
		{615CA328-4824-4C50-9EC0-C1B500A49154}.Release|Mixed Platforms.ActiveCfg = Release|x86
		{615CA328-4824-4C50-9EC0-C1B500A49154}.Release|Mixed Platforms.Build.0 = Release|x86
		{615CA328-4824-4C50-9EC0-C1B500A49154}.Release|Win32.ActiveCfg = Release|x86
		{615CA328-4824-4C50-9EC0-C1B500A49154}.Release|Win32.Build.0 = Release|x86
		{615CA328-4824-4C50-9EC0-C1B500A49154}.Release|x86.ActiveCfg = Release|x86
		{615CA328-4824-4C50-9EC0-C1B500A49154}.Release|x86.Build.0 = Release|x86
		{80F6A0E9-4D03-4FB8-B7E5-97FF7BEFC159}.Debug|Any CPU.ActiveCfg = Debug|x86
		{80F6A0E9-4D03-4FB8-B7E5-97FF7BEFC159}.Debug|Mixed Platforms.ActiveCfg = Debug|x86
		{80F6A0E9-4D03-4FB8-B7E5-97FF7BEFC159}.Debug|Mixed Platforms.Build.0 = Debug|x86
		{80F6A0E9-4D03-4FB8-B7E5-97FF7BEFC159}.Debug|Win32.ActiveCfg = Debug|x86
		{80F6A0E9-4D03-4FB8-B7E5-97FF7BEFC159}.Debug|Win32.Build.0 = Debug|x86
		{80F6A0E9-4D03-4FB8-B7E5-97FF7BEFC159}.Debug|x86.ActiveCfg = Debug|x86
		{80F6A0E9-4D03-4FB8-B7E5-97FF7BEFC159}.Debug|x86.Build.0 = Debug|x86
		{80F6A0E9-4D03-4FB8-B7E5-97FF7BEFC159}.Release|Any CPU.ActiveCfg = Release|x86
		{80F6A0E9-4D03-4FB8-B7E5-97FF7BEFC159}.Release|Mixed Platforms.ActiveCfg = Release|x86
		{80F6A0E9-4D03-4FB8-B7E5-97FF7BEFC159}.Release|Mixed Platforms.Build.0 = Release|x86
		{80F6A0E9-4D03-4FB8-B7E5-97FF7BEFC159}.Release|Win32.ActiveCfg = Release|x86
		{80F6A0E9-4D03-4FB8-B7E5-97FF7BEFC159}.Release|Win32.Build.0 = Release|x86
		{80F6A0E9-4D03-4FB8-B7E5-97FF7BEFC159}.Release|x86.ActiveCfg = Release|x86
		{80F6A0E9-4D03-4FB8-B7E5-97FF7BEFC159}.Release|x86.Build.0 = Release|x86
		{72C655BC-74ED-48DA-BD55-D1AC1AA86064}.Debug|Any CPU.ActiveCfg = Debug|Any CPU
		{72C655BC-74ED-48DA-BD55-D1AC1AA86064}.Debug|Any CPU.Build.0 = Debug|Any CPU
		{72C655BC-74ED-48DA-BD55-D1AC1AA86064}.Debug|Mixed Platforms.ActiveCfg = Debug|Any CPU
		{72C655BC-74ED-48DA-BD55-D1AC1AA86064}.Debug|Mixed Platforms.Build.0 = Debug|Any CPU
		{72C655BC-74ED-48DA-BD55-D1AC1AA86064}.Debug|Win32.ActiveCfg = Debug|Any CPU
		{72C655BC-74ED-48DA-BD55-D1AC1AA86064}.Debug|x86.ActiveCfg = Debug|Any CPU
		{72C655BC-74ED-48DA-BD55-D1AC1AA86064}.Release|Any CPU.ActiveCfg = Release|Any CPU
		{72C655BC-74ED-48DA-BD55-D1AC1AA86064}.Release|Any CPU.Build.0 = Release|Any CPU
		{72C655BC-74ED-48DA-BD55-D1AC1AA86064}.Release|Mixed Platforms.ActiveCfg = Release|Any CPU
		{72C655BC-74ED-48DA-BD55-D1AC1AA86064}.Release|Mixed Platforms.Build.0 = Release|Any CPU
		{72C655BC-74ED-48DA-BD55-D1AC1AA86064}.Release|Win32.ActiveCfg = Release|Any CPU
		{72C655BC-74ED-48DA-BD55-D1AC1AA86064}.Release|x86.ActiveCfg = Release|Any CPU
		{807458DC-FF3F-4BD2-8498-3DF87A340442}.Debug|Any CPU.ActiveCfg = Debug|Any CPU
		{807458DC-FF3F-4BD2-8498-3DF87A340442}.Debug|Any CPU.Build.0 = Debug|Any CPU
		{807458DC-FF3F-4BD2-8498-3DF87A340442}.Debug|Mixed Platforms.ActiveCfg = Debug|Any CPU
		{807458DC-FF3F-4BD2-8498-3DF87A340442}.Debug|Mixed Platforms.Build.0 = Debug|Any CPU
		{807458DC-FF3F-4BD2-8498-3DF87A340442}.Debug|Win32.ActiveCfg = Debug|Any CPU
		{807458DC-FF3F-4BD2-8498-3DF87A340442}.Debug|x86.ActiveCfg = Debug|Any CPU
		{807458DC-FF3F-4BD2-8498-3DF87A340442}.Release|Any CPU.ActiveCfg = Release|Any CPU
		{807458DC-FF3F-4BD2-8498-3DF87A340442}.Release|Any CPU.Build.0 = Release|Any CPU
		{807458DC-FF3F-4BD2-8498-3DF87A340442}.Release|Mixed Platforms.ActiveCfg = Release|Any CPU
		{807458DC-FF3F-4BD2-8498-3DF87A340442}.Release|Mixed Platforms.Build.0 = Release|Any CPU
		{807458DC-FF3F-4BD2-8498-3DF87A340442}.Release|Win32.ActiveCfg = Release|Any CPU
		{807458DC-FF3F-4BD2-8498-3DF87A340442}.Release|x86.ActiveCfg = Release|Any CPU
		{47304E36-7E0E-4AD5-825E-D23427F08853}.Debug|Any CPU.ActiveCfg = Debug|Any CPU
		{47304E36-7E0E-4AD5-825E-D23427F08853}.Debug|Any CPU.Build.0 = Debug|Any CPU
		{47304E36-7E0E-4AD5-825E-D23427F08853}.Debug|Mixed Platforms.ActiveCfg = Debug|Any CPU
		{47304E36-7E0E-4AD5-825E-D23427F08853}.Debug|Mixed Platforms.Build.0 = Debug|Any CPU
		{47304E36-7E0E-4AD5-825E-D23427F08853}.Debug|Win32.ActiveCfg = Debug|Any CPU
		{47304E36-7E0E-4AD5-825E-D23427F08853}.Debug|x86.ActiveCfg = Debug|Any CPU
		{47304E36-7E0E-4AD5-825E-D23427F08853}.Release|Any CPU.ActiveCfg = Release|Any CPU
		{47304E36-7E0E-4AD5-825E-D23427F08853}.Release|Any CPU.Build.0 = Release|Any CPU
		{47304E36-7E0E-4AD5-825E-D23427F08853}.Release|Mixed Platforms.ActiveCfg = Release|Any CPU
		{47304E36-7E0E-4AD5-825E-D23427F08853}.Release|Mixed Platforms.Build.0 = Release|Any CPU
		{47304E36-7E0E-4AD5-825E-D23427F08853}.Release|Win32.ActiveCfg = Release|Any CPU
		{47304E36-7E0E-4AD5-825E-D23427F08853}.Release|x86.ActiveCfg = Release|Any CPU
		{CFF32E08-AD71-4C97-B2C4-528F8A07D5C4}.Debug|Any CPU.ActiveCfg = Debug|Any CPU
		{CFF32E08-AD71-4C97-B2C4-528F8A07D5C4}.Debug|Any CPU.Build.0 = Debug|Any CPU
		{CFF32E08-AD71-4C97-B2C4-528F8A07D5C4}.Debug|Mixed Platforms.ActiveCfg = Debug|Any CPU
		{CFF32E08-AD71-4C97-B2C4-528F8A07D5C4}.Debug|Mixed Platforms.Build.0 = Debug|Any CPU
		{CFF32E08-AD71-4C97-B2C4-528F8A07D5C4}.Debug|Win32.ActiveCfg = Debug|Any CPU
		{CFF32E08-AD71-4C97-B2C4-528F8A07D5C4}.Debug|x86.ActiveCfg = Debug|Any CPU
		{CFF32E08-AD71-4C97-B2C4-528F8A07D5C4}.Release|Any CPU.ActiveCfg = Release|Any CPU
		{CFF32E08-AD71-4C97-B2C4-528F8A07D5C4}.Release|Any CPU.Build.0 = Release|Any CPU
		{CFF32E08-AD71-4C97-B2C4-528F8A07D5C4}.Release|Mixed Platforms.ActiveCfg = Release|Any CPU
		{CFF32E08-AD71-4C97-B2C4-528F8A07D5C4}.Release|Mixed Platforms.Build.0 = Release|Any CPU
		{CFF32E08-AD71-4C97-B2C4-528F8A07D5C4}.Release|Win32.ActiveCfg = Release|Any CPU
		{CFF32E08-AD71-4C97-B2C4-528F8A07D5C4}.Release|x86.ActiveCfg = Release|Any CPU
		{247EB30B-DD61-4D8C-AF98-FEFF9B03E02D}.Debug|Any CPU.ActiveCfg = Debug|Any CPU
		{247EB30B-DD61-4D8C-AF98-FEFF9B03E02D}.Debug|Any CPU.Build.0 = Debug|Any CPU
		{247EB30B-DD61-4D8C-AF98-FEFF9B03E02D}.Debug|Mixed Platforms.ActiveCfg = Debug|Any CPU
		{247EB30B-DD61-4D8C-AF98-FEFF9B03E02D}.Debug|Mixed Platforms.Build.0 = Debug|Any CPU
		{247EB30B-DD61-4D8C-AF98-FEFF9B03E02D}.Debug|Win32.ActiveCfg = Debug|Any CPU
		{247EB30B-DD61-4D8C-AF98-FEFF9B03E02D}.Debug|x86.ActiveCfg = Debug|Any CPU
		{247EB30B-DD61-4D8C-AF98-FEFF9B03E02D}.Release|Any CPU.ActiveCfg = Release|Any CPU
		{247EB30B-DD61-4D8C-AF98-FEFF9B03E02D}.Release|Any CPU.Build.0 = Release|Any CPU
		{247EB30B-DD61-4D8C-AF98-FEFF9B03E02D}.Release|Mixed Platforms.ActiveCfg = Release|Any CPU
		{247EB30B-DD61-4D8C-AF98-FEFF9B03E02D}.Release|Mixed Platforms.Build.0 = Release|Any CPU
		{247EB30B-DD61-4D8C-AF98-FEFF9B03E02D}.Release|Win32.ActiveCfg = Release|Any CPU
		{247EB30B-DD61-4D8C-AF98-FEFF9B03E02D}.Release|x86.ActiveCfg = Release|Any CPU
		{1A907793-725D-4C6A-B746-AB76FF04A005}.Debug|Any CPU.ActiveCfg = Debug|Any CPU
		{1A907793-725D-4C6A-B746-AB76FF04A005}.Debug|Any CPU.Build.0 = Debug|Any CPU
		{1A907793-725D-4C6A-B746-AB76FF04A005}.Debug|Mixed Platforms.ActiveCfg = Debug|Any CPU
		{1A907793-725D-4C6A-B746-AB76FF04A005}.Debug|Mixed Platforms.Build.0 = Debug|Any CPU
		{1A907793-725D-4C6A-B746-AB76FF04A005}.Debug|Win32.ActiveCfg = Debug|Any CPU
		{1A907793-725D-4C6A-B746-AB76FF04A005}.Debug|x86.ActiveCfg = Debug|Any CPU
		{1A907793-725D-4C6A-B746-AB76FF04A005}.Release|Any CPU.ActiveCfg = Release|Any CPU
		{1A907793-725D-4C6A-B746-AB76FF04A005}.Release|Any CPU.Build.0 = Release|Any CPU
		{1A907793-725D-4C6A-B746-AB76FF04A005}.Release|Mixed Platforms.ActiveCfg = Release|Any CPU
		{1A907793-725D-4C6A-B746-AB76FF04A005}.Release|Mixed Platforms.Build.0 = Release|Any CPU
		{1A907793-725D-4C6A-B746-AB76FF04A005}.Release|Win32.ActiveCfg = Release|Any CPU
		{1A907793-725D-4C6A-B746-AB76FF04A005}.Release|x86.ActiveCfg = Release|Any CPU
		{4C9C1A62-2339-4011-9421-A54735847209}.Debug|Any CPU.ActiveCfg = Debug|Any CPU
		{4C9C1A62-2339-4011-9421-A54735847209}.Debug|Any CPU.Build.0 = Debug|Any CPU
		{4C9C1A62-2339-4011-9421-A54735847209}.Debug|Mixed Platforms.ActiveCfg = Debug|Any CPU
		{4C9C1A62-2339-4011-9421-A54735847209}.Debug|Mixed Platforms.Build.0 = Debug|Any CPU
		{4C9C1A62-2339-4011-9421-A54735847209}.Debug|Win32.ActiveCfg = Debug|Any CPU
		{4C9C1A62-2339-4011-9421-A54735847209}.Debug|x86.ActiveCfg = Debug|Any CPU
		{4C9C1A62-2339-4011-9421-A54735847209}.Release|Any CPU.ActiveCfg = Release|Any CPU
		{4C9C1A62-2339-4011-9421-A54735847209}.Release|Any CPU.Build.0 = Release|Any CPU
		{4C9C1A62-2339-4011-9421-A54735847209}.Release|Mixed Platforms.ActiveCfg = Release|Any CPU
		{4C9C1A62-2339-4011-9421-A54735847209}.Release|Mixed Platforms.Build.0 = Release|Any CPU
		{4C9C1A62-2339-4011-9421-A54735847209}.Release|Win32.ActiveCfg = Release|Any CPU
		{4C9C1A62-2339-4011-9421-A54735847209}.Release|x86.ActiveCfg = Release|Any CPU
		{F9339E92-0C54-4755-9030-62ED5483DD12}.Debug|Any CPU.ActiveCfg = Debug|Any CPU
		{F9339E92-0C54-4755-9030-62ED5483DD12}.Debug|Any CPU.Build.0 = Debug|Any CPU
		{F9339E92-0C54-4755-9030-62ED5483DD12}.Debug|Mixed Platforms.ActiveCfg = Debug|Any CPU
		{F9339E92-0C54-4755-9030-62ED5483DD12}.Debug|Mixed Platforms.Build.0 = Debug|Any CPU
		{F9339E92-0C54-4755-9030-62ED5483DD12}.Debug|Win32.ActiveCfg = Debug|Any CPU
		{F9339E92-0C54-4755-9030-62ED5483DD12}.Debug|x86.ActiveCfg = Debug|Any CPU
		{F9339E92-0C54-4755-9030-62ED5483DD12}.Release|Any CPU.ActiveCfg = Release|Any CPU
		{F9339E92-0C54-4755-9030-62ED5483DD12}.Release|Any CPU.Build.0 = Release|Any CPU
		{F9339E92-0C54-4755-9030-62ED5483DD12}.Release|Mixed Platforms.ActiveCfg = Release|Any CPU
		{F9339E92-0C54-4755-9030-62ED5483DD12}.Release|Mixed Platforms.Build.0 = Release|Any CPU
		{F9339E92-0C54-4755-9030-62ED5483DD12}.Release|Win32.ActiveCfg = Release|Any CPU
		{F9339E92-0C54-4755-9030-62ED5483DD12}.Release|x86.ActiveCfg = Release|Any CPU
		{283BE26C-1057-4866-91F5-B9652C89754E}.Debug|Any CPU.ActiveCfg = Debug|Any CPU
		{283BE26C-1057-4866-91F5-B9652C89754E}.Debug|Any CPU.Build.0 = Debug|Any CPU
		{283BE26C-1057-4866-91F5-B9652C89754E}.Debug|Mixed Platforms.ActiveCfg = Debug|Any CPU
		{283BE26C-1057-4866-91F5-B9652C89754E}.Debug|Mixed Platforms.Build.0 = Debug|Any CPU
		{283BE26C-1057-4866-91F5-B9652C89754E}.Debug|Win32.ActiveCfg = Debug|Any CPU
		{283BE26C-1057-4866-91F5-B9652C89754E}.Debug|x86.ActiveCfg = Debug|Any CPU
		{283BE26C-1057-4866-91F5-B9652C89754E}.Release|Any CPU.ActiveCfg = Release|Any CPU
		{283BE26C-1057-4866-91F5-B9652C89754E}.Release|Any CPU.Build.0 = Release|Any CPU
		{283BE26C-1057-4866-91F5-B9652C89754E}.Release|Mixed Platforms.ActiveCfg = Release|Any CPU
		{283BE26C-1057-4866-91F5-B9652C89754E}.Release|Mixed Platforms.Build.0 = Release|Any CPU
		{283BE26C-1057-4866-91F5-B9652C89754E}.Release|Win32.ActiveCfg = Release|Any CPU
		{283BE26C-1057-4866-91F5-B9652C89754E}.Release|x86.ActiveCfg = Release|Any CPU
		{5C047F79-D022-4D02-BE2B-8A7BF8804144}.Debug|Any CPU.ActiveCfg = Debug|Any CPU
		{5C047F79-D022-4D02-BE2B-8A7BF8804144}.Debug|Any CPU.Build.0 = Debug|Any CPU
		{5C047F79-D022-4D02-BE2B-8A7BF8804144}.Debug|Mixed Platforms.ActiveCfg = Debug|Any CPU
		{5C047F79-D022-4D02-BE2B-8A7BF8804144}.Debug|Mixed Platforms.Build.0 = Debug|Any CPU
		{5C047F79-D022-4D02-BE2B-8A7BF8804144}.Debug|Win32.ActiveCfg = Debug|Any CPU
		{5C047F79-D022-4D02-BE2B-8A7BF8804144}.Debug|x86.ActiveCfg = Debug|Any CPU
		{5C047F79-D022-4D02-BE2B-8A7BF8804144}.Release|Any CPU.ActiveCfg = Release|Any CPU
		{5C047F79-D022-4D02-BE2B-8A7BF8804144}.Release|Any CPU.Build.0 = Release|Any CPU
		{5C047F79-D022-4D02-BE2B-8A7BF8804144}.Release|Mixed Platforms.ActiveCfg = Release|Any CPU
		{5C047F79-D022-4D02-BE2B-8A7BF8804144}.Release|Mixed Platforms.Build.0 = Release|Any CPU
		{5C047F79-D022-4D02-BE2B-8A7BF8804144}.Release|Win32.ActiveCfg = Release|Any CPU
		{5C047F79-D022-4D02-BE2B-8A7BF8804144}.Release|x86.ActiveCfg = Release|Any CPU
		{B179158C-BC83-447F-952E-1E0F9B789C96}.Debug|Any CPU.ActiveCfg = Debug|Any CPU
		{B179158C-BC83-447F-952E-1E0F9B789C96}.Debug|Any CPU.Build.0 = Debug|Any CPU
		{B179158C-BC83-447F-952E-1E0F9B789C96}.Debug|Mixed Platforms.ActiveCfg = Debug|Any CPU
		{B179158C-BC83-447F-952E-1E0F9B789C96}.Debug|Mixed Platforms.Build.0 = Debug|Any CPU
		{B179158C-BC83-447F-952E-1E0F9B789C96}.Debug|Win32.ActiveCfg = Debug|Any CPU
		{B179158C-BC83-447F-952E-1E0F9B789C96}.Debug|x86.ActiveCfg = Debug|Any CPU
		{B179158C-BC83-447F-952E-1E0F9B789C96}.Release|Any CPU.ActiveCfg = Release|Any CPU
		{B179158C-BC83-447F-952E-1E0F9B789C96}.Release|Any CPU.Build.0 = Release|Any CPU
		{B179158C-BC83-447F-952E-1E0F9B789C96}.Release|Mixed Platforms.ActiveCfg = Release|Any CPU
		{B179158C-BC83-447F-952E-1E0F9B789C96}.Release|Mixed Platforms.Build.0 = Release|Any CPU
		{B179158C-BC83-447F-952E-1E0F9B789C96}.Release|Win32.ActiveCfg = Release|Any CPU
		{B179158C-BC83-447F-952E-1E0F9B789C96}.Release|x86.ActiveCfg = Release|Any CPU
		{8F12406B-8FDE-41C4-A91A-A6CCF1A68FE0}.Debug|Any CPU.ActiveCfg = Debug|Any CPU
		{8F12406B-8FDE-41C4-A91A-A6CCF1A68FE0}.Debug|Any CPU.Build.0 = Debug|Any CPU
		{8F12406B-8FDE-41C4-A91A-A6CCF1A68FE0}.Debug|Mixed Platforms.ActiveCfg = Debug|Any CPU
		{8F12406B-8FDE-41C4-A91A-A6CCF1A68FE0}.Debug|Mixed Platforms.Build.0 = Debug|Any CPU
		{8F12406B-8FDE-41C4-A91A-A6CCF1A68FE0}.Debug|Win32.ActiveCfg = Debug|Any CPU
		{8F12406B-8FDE-41C4-A91A-A6CCF1A68FE0}.Debug|x86.ActiveCfg = Debug|Any CPU
		{8F12406B-8FDE-41C4-A91A-A6CCF1A68FE0}.Release|Any CPU.ActiveCfg = Release|Any CPU
		{8F12406B-8FDE-41C4-A91A-A6CCF1A68FE0}.Release|Any CPU.Build.0 = Release|Any CPU
		{8F12406B-8FDE-41C4-A91A-A6CCF1A68FE0}.Release|Mixed Platforms.ActiveCfg = Release|Any CPU
		{8F12406B-8FDE-41C4-A91A-A6CCF1A68FE0}.Release|Mixed Platforms.Build.0 = Release|Any CPU
		{8F12406B-8FDE-41C4-A91A-A6CCF1A68FE0}.Release|Win32.ActiveCfg = Release|Any CPU
		{8F12406B-8FDE-41C4-A91A-A6CCF1A68FE0}.Release|x86.ActiveCfg = Release|Any CPU
		{D7D238B7-D982-4EC0-9770-FD7435A74DA5}.Debug|Any CPU.ActiveCfg = Debug|Any CPU
		{D7D238B7-D982-4EC0-9770-FD7435A74DA5}.Debug|Any CPU.Build.0 = Debug|Any CPU
		{D7D238B7-D982-4EC0-9770-FD7435A74DA5}.Debug|Mixed Platforms.ActiveCfg = Debug|Any CPU
		{D7D238B7-D982-4EC0-9770-FD7435A74DA5}.Debug|Mixed Platforms.Build.0 = Debug|Any CPU
		{D7D238B7-D982-4EC0-9770-FD7435A74DA5}.Debug|Win32.ActiveCfg = Debug|Any CPU
		{D7D238B7-D982-4EC0-9770-FD7435A74DA5}.Debug|x86.ActiveCfg = Debug|Any CPU
		{D7D238B7-D982-4EC0-9770-FD7435A74DA5}.Release|Any CPU.ActiveCfg = Release|Any CPU
		{D7D238B7-D982-4EC0-9770-FD7435A74DA5}.Release|Any CPU.Build.0 = Release|Any CPU
		{D7D238B7-D982-4EC0-9770-FD7435A74DA5}.Release|Mixed Platforms.ActiveCfg = Release|Any CPU
		{D7D238B7-D982-4EC0-9770-FD7435A74DA5}.Release|Mixed Platforms.Build.0 = Release|Any CPU
		{D7D238B7-D982-4EC0-9770-FD7435A74DA5}.Release|Win32.ActiveCfg = Release|Any CPU
		{D7D238B7-D982-4EC0-9770-FD7435A74DA5}.Release|x86.ActiveCfg = Release|Any CPU
		{8BA49750-ACF8-4894-9E7F-D0B2F660C7BC}.Debug|Any CPU.ActiveCfg = Debug|Any CPU
		{8BA49750-ACF8-4894-9E7F-D0B2F660C7BC}.Debug|Any CPU.Build.0 = Debug|Any CPU
		{8BA49750-ACF8-4894-9E7F-D0B2F660C7BC}.Debug|Mixed Platforms.ActiveCfg = Debug|Any CPU
		{8BA49750-ACF8-4894-9E7F-D0B2F660C7BC}.Debug|Mixed Platforms.Build.0 = Debug|Any CPU
		{8BA49750-ACF8-4894-9E7F-D0B2F660C7BC}.Debug|Win32.ActiveCfg = Debug|Any CPU
		{8BA49750-ACF8-4894-9E7F-D0B2F660C7BC}.Debug|x86.ActiveCfg = Debug|Any CPU
		{8BA49750-ACF8-4894-9E7F-D0B2F660C7BC}.Release|Any CPU.ActiveCfg = Release|Any CPU
		{8BA49750-ACF8-4894-9E7F-D0B2F660C7BC}.Release|Any CPU.Build.0 = Release|Any CPU
		{8BA49750-ACF8-4894-9E7F-D0B2F660C7BC}.Release|Mixed Platforms.ActiveCfg = Release|Any CPU
		{8BA49750-ACF8-4894-9E7F-D0B2F660C7BC}.Release|Mixed Platforms.Build.0 = Release|Any CPU
		{8BA49750-ACF8-4894-9E7F-D0B2F660C7BC}.Release|Win32.ActiveCfg = Release|Any CPU
		{8BA49750-ACF8-4894-9E7F-D0B2F660C7BC}.Release|x86.ActiveCfg = Release|Any CPU
		{6111213F-183A-481F-A5EA-16CDF5BE6715}.Debug|Any CPU.ActiveCfg = Debug|Any CPU
		{6111213F-183A-481F-A5EA-16CDF5BE6715}.Debug|Any CPU.Build.0 = Debug|Any CPU
		{6111213F-183A-481F-A5EA-16CDF5BE6715}.Debug|Mixed Platforms.ActiveCfg = Debug|Any CPU
		{6111213F-183A-481F-A5EA-16CDF5BE6715}.Debug|Mixed Platforms.Build.0 = Debug|Any CPU
		{6111213F-183A-481F-A5EA-16CDF5BE6715}.Debug|Win32.ActiveCfg = Debug|Any CPU
		{6111213F-183A-481F-A5EA-16CDF5BE6715}.Debug|x86.ActiveCfg = Debug|Any CPU
		{6111213F-183A-481F-A5EA-16CDF5BE6715}.Release|Any CPU.ActiveCfg = Release|Any CPU
		{6111213F-183A-481F-A5EA-16CDF5BE6715}.Release|Any CPU.Build.0 = Release|Any CPU
		{6111213F-183A-481F-A5EA-16CDF5BE6715}.Release|Mixed Platforms.ActiveCfg = Release|Any CPU
		{6111213F-183A-481F-A5EA-16CDF5BE6715}.Release|Mixed Platforms.Build.0 = Release|Any CPU
		{6111213F-183A-481F-A5EA-16CDF5BE6715}.Release|Win32.ActiveCfg = Release|Any CPU
		{6111213F-183A-481F-A5EA-16CDF5BE6715}.Release|x86.ActiveCfg = Release|Any CPU
		{AA6754C9-3BB9-458C-84AA-2E6D9D7BBC36}.Debug|Any CPU.ActiveCfg = Debug|Any CPU
		{AA6754C9-3BB9-458C-84AA-2E6D9D7BBC36}.Debug|Any CPU.Build.0 = Debug|Any CPU
		{AA6754C9-3BB9-458C-84AA-2E6D9D7BBC36}.Debug|Mixed Platforms.ActiveCfg = Debug|Any CPU
		{AA6754C9-3BB9-458C-84AA-2E6D9D7BBC36}.Debug|Mixed Platforms.Build.0 = Debug|Any CPU
		{AA6754C9-3BB9-458C-84AA-2E6D9D7BBC36}.Debug|Win32.ActiveCfg = Debug|Any CPU
		{AA6754C9-3BB9-458C-84AA-2E6D9D7BBC36}.Debug|x86.ActiveCfg = Debug|Any CPU
		{AA6754C9-3BB9-458C-84AA-2E6D9D7BBC36}.Release|Any CPU.ActiveCfg = Release|Any CPU
		{AA6754C9-3BB9-458C-84AA-2E6D9D7BBC36}.Release|Any CPU.Build.0 = Release|Any CPU
		{AA6754C9-3BB9-458C-84AA-2E6D9D7BBC36}.Release|Mixed Platforms.ActiveCfg = Release|Any CPU
		{AA6754C9-3BB9-458C-84AA-2E6D9D7BBC36}.Release|Mixed Platforms.Build.0 = Release|Any CPU
		{AA6754C9-3BB9-458C-84AA-2E6D9D7BBC36}.Release|Win32.ActiveCfg = Release|Any CPU
		{AA6754C9-3BB9-458C-84AA-2E6D9D7BBC36}.Release|x86.ActiveCfg = Release|Any CPU
		{24D99EF0-0C3E-4519-BED7-D7D13556255C}.Debug|Any CPU.ActiveCfg = Debug|Any CPU
		{24D99EF0-0C3E-4519-BED7-D7D13556255C}.Debug|Any CPU.Build.0 = Debug|Any CPU
		{24D99EF0-0C3E-4519-BED7-D7D13556255C}.Debug|Mixed Platforms.ActiveCfg = Debug|Any CPU
		{24D99EF0-0C3E-4519-BED7-D7D13556255C}.Debug|Mixed Platforms.Build.0 = Debug|Any CPU
		{24D99EF0-0C3E-4519-BED7-D7D13556255C}.Debug|Win32.ActiveCfg = Debug|Any CPU
		{24D99EF0-0C3E-4519-BED7-D7D13556255C}.Debug|x86.ActiveCfg = Debug|Any CPU
		{24D99EF0-0C3E-4519-BED7-D7D13556255C}.Release|Any CPU.ActiveCfg = Release|Any CPU
		{24D99EF0-0C3E-4519-BED7-D7D13556255C}.Release|Any CPU.Build.0 = Release|Any CPU
		{24D99EF0-0C3E-4519-BED7-D7D13556255C}.Release|Mixed Platforms.ActiveCfg = Release|Any CPU
		{24D99EF0-0C3E-4519-BED7-D7D13556255C}.Release|Mixed Platforms.Build.0 = Release|Any CPU
		{24D99EF0-0C3E-4519-BED7-D7D13556255C}.Release|Win32.ActiveCfg = Release|Any CPU
		{24D99EF0-0C3E-4519-BED7-D7D13556255C}.Release|x86.ActiveCfg = Release|Any CPU
		{A1D42520-F3B1-4017-9C85-EB098807683B}.Debug|Any CPU.ActiveCfg = Debug|Any CPU
		{A1D42520-F3B1-4017-9C85-EB098807683B}.Debug|Any CPU.Build.0 = Debug|Any CPU
		{A1D42520-F3B1-4017-9C85-EB098807683B}.Debug|Mixed Platforms.ActiveCfg = Debug|Any CPU
		{A1D42520-F3B1-4017-9C85-EB098807683B}.Debug|Mixed Platforms.Build.0 = Debug|Any CPU
		{A1D42520-F3B1-4017-9C85-EB098807683B}.Debug|Win32.ActiveCfg = Debug|Any CPU
		{A1D42520-F3B1-4017-9C85-EB098807683B}.Debug|x86.ActiveCfg = Debug|Any CPU
		{A1D42520-F3B1-4017-9C85-EB098807683B}.Release|Any CPU.ActiveCfg = Release|Any CPU
		{A1D42520-F3B1-4017-9C85-EB098807683B}.Release|Any CPU.Build.0 = Release|Any CPU
		{A1D42520-F3B1-4017-9C85-EB098807683B}.Release|Mixed Platforms.ActiveCfg = Release|Any CPU
		{A1D42520-F3B1-4017-9C85-EB098807683B}.Release|Mixed Platforms.Build.0 = Release|Any CPU
		{A1D42520-F3B1-4017-9C85-EB098807683B}.Release|Win32.ActiveCfg = Release|Any CPU
		{A1D42520-F3B1-4017-9C85-EB098807683B}.Release|x86.ActiveCfg = Release|Any CPU
		{076A12BD-3993-4597-B537-8964019A76FB}.Debug|Any CPU.ActiveCfg = Debug|Any CPU
		{076A12BD-3993-4597-B537-8964019A76FB}.Debug|Any CPU.Build.0 = Debug|Any CPU
		{076A12BD-3993-4597-B537-8964019A76FB}.Debug|Mixed Platforms.ActiveCfg = Debug|Any CPU
		{076A12BD-3993-4597-B537-8964019A76FB}.Debug|Mixed Platforms.Build.0 = Debug|Any CPU
		{076A12BD-3993-4597-B537-8964019A76FB}.Debug|Win32.ActiveCfg = Debug|Any CPU
		{076A12BD-3993-4597-B537-8964019A76FB}.Debug|x86.ActiveCfg = Debug|Any CPU
		{076A12BD-3993-4597-B537-8964019A76FB}.Release|Any CPU.ActiveCfg = Release|Any CPU
		{076A12BD-3993-4597-B537-8964019A76FB}.Release|Any CPU.Build.0 = Release|Any CPU
		{076A12BD-3993-4597-B537-8964019A76FB}.Release|Mixed Platforms.ActiveCfg = Release|Any CPU
		{076A12BD-3993-4597-B537-8964019A76FB}.Release|Mixed Platforms.Build.0 = Release|Any CPU
		{076A12BD-3993-4597-B537-8964019A76FB}.Release|Win32.ActiveCfg = Release|Any CPU
		{076A12BD-3993-4597-B537-8964019A76FB}.Release|x86.ActiveCfg = Release|Any CPU
		{CE3B431B-0139-47E2-B76B-3952E66C968F}.Debug|Any CPU.ActiveCfg = Debug|Any CPU
		{CE3B431B-0139-47E2-B76B-3952E66C968F}.Debug|Any CPU.Build.0 = Debug|Any CPU
		{CE3B431B-0139-47E2-B76B-3952E66C968F}.Debug|Mixed Platforms.ActiveCfg = Debug|Any CPU
		{CE3B431B-0139-47E2-B76B-3952E66C968F}.Debug|Mixed Platforms.Build.0 = Debug|Any CPU
		{CE3B431B-0139-47E2-B76B-3952E66C968F}.Debug|Win32.ActiveCfg = Debug|Any CPU
		{CE3B431B-0139-47E2-B76B-3952E66C968F}.Debug|x86.ActiveCfg = Debug|Any CPU
		{CE3B431B-0139-47E2-B76B-3952E66C968F}.Release|Any CPU.ActiveCfg = Release|Any CPU
		{CE3B431B-0139-47E2-B76B-3952E66C968F}.Release|Any CPU.Build.0 = Release|Any CPU
		{CE3B431B-0139-47E2-B76B-3952E66C968F}.Release|Mixed Platforms.ActiveCfg = Release|Any CPU
		{CE3B431B-0139-47E2-B76B-3952E66C968F}.Release|Mixed Platforms.Build.0 = Release|Any CPU
		{CE3B431B-0139-47E2-B76B-3952E66C968F}.Release|Win32.ActiveCfg = Release|Any CPU
		{CE3B431B-0139-47E2-B76B-3952E66C968F}.Release|x86.ActiveCfg = Release|Any CPU
		{B252230F-2C79-4489-AF5E-738FB2BD68D6}.Debug|Any CPU.ActiveCfg = Debug|Any CPU
		{B252230F-2C79-4489-AF5E-738FB2BD68D6}.Debug|Any CPU.Build.0 = Debug|Any CPU
		{B252230F-2C79-4489-AF5E-738FB2BD68D6}.Debug|Mixed Platforms.ActiveCfg = Debug|Any CPU
		{B252230F-2C79-4489-AF5E-738FB2BD68D6}.Debug|Mixed Platforms.Build.0 = Debug|Any CPU
		{B252230F-2C79-4489-AF5E-738FB2BD68D6}.Debug|Win32.ActiveCfg = Debug|Any CPU
		{B252230F-2C79-4489-AF5E-738FB2BD68D6}.Debug|x86.ActiveCfg = Debug|Any CPU
		{B252230F-2C79-4489-AF5E-738FB2BD68D6}.Release|Any CPU.ActiveCfg = Release|Any CPU
		{B252230F-2C79-4489-AF5E-738FB2BD68D6}.Release|Any CPU.Build.0 = Release|Any CPU
		{B252230F-2C79-4489-AF5E-738FB2BD68D6}.Release|Mixed Platforms.ActiveCfg = Release|Any CPU
		{B252230F-2C79-4489-AF5E-738FB2BD68D6}.Release|Mixed Platforms.Build.0 = Release|Any CPU
		{B252230F-2C79-4489-AF5E-738FB2BD68D6}.Release|Win32.ActiveCfg = Release|Any CPU
		{B252230F-2C79-4489-AF5E-738FB2BD68D6}.Release|x86.ActiveCfg = Release|Any CPU
		{872FA6BD-0E23-470D-8750-A99E0490E247}.Debug|Any CPU.ActiveCfg = Debug|Any CPU
		{872FA6BD-0E23-470D-8750-A99E0490E247}.Debug|Any CPU.Build.0 = Debug|Any CPU
		{872FA6BD-0E23-470D-8750-A99E0490E247}.Debug|Mixed Platforms.ActiveCfg = Debug|Any CPU
		{872FA6BD-0E23-470D-8750-A99E0490E247}.Debug|Mixed Platforms.Build.0 = Debug|Any CPU
		{872FA6BD-0E23-470D-8750-A99E0490E247}.Debug|Win32.ActiveCfg = Debug|Any CPU
		{872FA6BD-0E23-470D-8750-A99E0490E247}.Debug|x86.ActiveCfg = Debug|Any CPU
		{872FA6BD-0E23-470D-8750-A99E0490E247}.Release|Any CPU.ActiveCfg = Release|Any CPU
		{872FA6BD-0E23-470D-8750-A99E0490E247}.Release|Any CPU.Build.0 = Release|Any CPU
		{872FA6BD-0E23-470D-8750-A99E0490E247}.Release|Mixed Platforms.ActiveCfg = Release|Any CPU
		{872FA6BD-0E23-470D-8750-A99E0490E247}.Release|Mixed Platforms.Build.0 = Release|Any CPU
		{872FA6BD-0E23-470D-8750-A99E0490E247}.Release|Win32.ActiveCfg = Release|Any CPU
		{872FA6BD-0E23-470D-8750-A99E0490E247}.Release|x86.ActiveCfg = Release|Any CPU
	EndGlobalSection
	GlobalSection(SolutionProperties) = preSolution
		HideSolutionNode = FALSE
	EndGlobalSection
EndGlobal
