
Microsoft Visual Studio Solution File, Format Version 12.00
# Visual Studio 2013
VisualStudioVersion = 12.0.30110.0
MinimumVisualStudioVersion = 10.0.40219.1
Project("{FAE04EC0-301F-11D3-BF4B-00C04F79EFBC}") = "AritmeticOperationsComparison", "AritmeticOperationsComparison\AritmeticOperationsComparison.csproj", "{7A4BD4F7-7E18-405B-8BFA-D66BA6FDA33A}"
EndProject
Project("{FAE04EC0-301F-11D3-BF4B-00C04F79EFBC}") = "ComplexArtitmeticCompersion", "ComplexArtitmeticCompersion\ComplexArtitmeticCompersion.csproj", "{CDB62224-D048-4624-BAB4-C5AC73652FAB}"
EndProject
Project("{FAE04EC0-301F-11D3-BF4B-00C04F79EFBC}") = "SortingAlgorithmsComparsion", "SortingAlgorithmsComparsion\SortingAlgorithmsComparsion.csproj", "{954ED16A-5585-4932-B1E5-FB3887D32F50}"
EndProject
Global
	GlobalSection(SolutionConfigurationPlatforms) = preSolution
		Debug|Any CPU = Debug|Any CPU
		Release|Any CPU = Release|Any CPU
	EndGlobalSection
	GlobalSection(ProjectConfigurationPlatforms) = postSolution
		{7A4BD4F7-7E18-405B-8BFA-D66BA6FDA33A}.Debug|Any CPU.ActiveCfg = Debug|Any CPU
		{7A4BD4F7-7E18-405B-8BFA-D66BA6FDA33A}.Debug|Any CPU.Build.0 = Debug|Any CPU
		{7A4BD4F7-7E18-405B-8BFA-D66BA6FDA33A}.Release|Any CPU.ActiveCfg = Release|Any CPU
		{7A4BD4F7-7E18-405B-8BFA-D66BA6FDA33A}.Release|Any CPU.Build.0 = Release|Any CPU
		{CDB62224-D048-4624-BAB4-C5AC73652FAB}.Debug|Any CPU.ActiveCfg = Debug|Any CPU
		{CDB62224-D048-4624-BAB4-C5AC73652FAB}.Debug|Any CPU.Build.0 = Debug|Any CPU
		{CDB62224-D048-4624-BAB4-C5AC73652FAB}.Release|Any CPU.ActiveCfg = Release|Any CPU
		{CDB62224-D048-4624-BAB4-C5AC73652FAB}.Release|Any CPU.Build.0 = Release|Any CPU
		{954ED16A-5585-4932-B1E5-FB3887D32F50}.Debug|Any CPU.ActiveCfg = Debug|Any CPU
		{954ED16A-5585-4932-B1E5-FB3887D32F50}.Debug|Any CPU.Build.0 = Debug|Any CPU
		{954ED16A-5585-4932-B1E5-FB3887D32F50}.Release|Any CPU.ActiveCfg = Release|Any CPU
		{954ED16A-5585-4932-B1E5-FB3887D32F50}.Release|Any CPU.Build.0 = Release|Any CPU
	EndGlobalSection
	GlobalSection(SolutionProperties) = preSolution
		HideSolutionNode = FALSE
	EndGlobalSection
EndGlobal
